
Microsoft Visual Studio Solution File, Format Version 12.00
# Visual Studio 14
VisualStudioVersion = 14.0.24720.0
MinimumVisualStudioVersion = 10.0.40219.1
Project("{FAE04EC0-301F-11D3-BF4B-00C04F79EFBC}") = "MinigngHelper", "MinigngHelper\MinigngHelper.csproj", "{11354B4F-8982-49C1-B779-622E0EF67131}"
EndProject
Project("{FAE04EC0-301F-11D3-BF4B-00C04F79EFBC}") = "NiceHashAPI", "NiceHashAPI\NiceHashAPI.csproj", "{01088C9F-4751-45C7-8D4E-C3CD42CCD3F2}"
EndProject
Project("{FAE04EC0-301F-11D3-BF4B-00C04F79EFBC}") = "NiceHashMonitor", "NiceHashMonitor\NiceHashMonitor.csproj", "{618784A3-BC2F-493E-A5D9-0EAC702000F9}"
EndProject
Global
	GlobalSection(SolutionConfigurationPlatforms) = preSolution
		Debug|Any CPU = Debug|Any CPU
		Release|Any CPU = Release|Any CPU
	EndGlobalSection
	GlobalSection(ProjectConfigurationPlatforms) = postSolution
		{11354B4F-8982-49C1-B779-622E0EF67131}.Debug|Any CPU.ActiveCfg = Debug|Any CPU
		{11354B4F-8982-49C1-B779-622E0EF67131}.Debug|Any CPU.Build.0 = Debug|Any CPU
		{11354B4F-8982-49C1-B779-622E0EF67131}.Release|Any CPU.ActiveCfg = Release|Any CPU
		{11354B4F-8982-49C1-B779-622E0EF67131}.Release|Any CPU.Build.0 = Release|Any CPU
		{01088C9F-4751-45C7-8D4E-C3CD42CCD3F2}.Debug|Any CPU.ActiveCfg = Debug|Any CPU
		{01088C9F-4751-45C7-8D4E-C3CD42CCD3F2}.Debug|Any CPU.Build.0 = Debug|Any CPU
		{01088C9F-4751-45C7-8D4E-C3CD42CCD3F2}.Release|Any CPU.ActiveCfg = Release|Any CPU
		{01088C9F-4751-45C7-8D4E-C3CD42CCD3F2}.Release|Any CPU.Build.0 = Release|Any CPU
		{618784A3-BC2F-493E-A5D9-0EAC702000F9}.Debug|Any CPU.ActiveCfg = Debug|Any CPU
		{618784A3-BC2F-493E-A5D9-0EAC702000F9}.Debug|Any CPU.Build.0 = Debug|Any CPU
		{618784A3-BC2F-493E-A5D9-0EAC702000F9}.Release|Any CPU.ActiveCfg = Release|Any CPU
		{618784A3-BC2F-493E-A5D9-0EAC702000F9}.Release|Any CPU.Build.0 = Release|Any CPU
	EndGlobalSection
	GlobalSection(SolutionProperties) = preSolution
		HideSolutionNode = FALSE
	EndGlobalSection
EndGlobal
